
Microsoft Visual Studio Solution File, Format Version 12.00
# Visual Studio Version 17
VisualStudioVersion = 17.9.34701.34
MinimumVisualStudioVersion = 10.0.40219.1
Project("{FAE04EC0-301F-11D3-BF4B-00C04F79EFBC}") = "test", "test\test.csproj", "{5B606E93-4FB2-4183-8A3E-0031B62789C8}"
EndProject
Global
	GlobalSection(SolutionConfigurationPlatforms) = preSolution
		Debug|Any CPU = Debug|Any CPU
		Release|Any CPU = Release|Any CPU
	EndGlobalSection
	GlobalSection(ProjectConfigurationPlatforms) = postSolution
		{5B606E93-4FB2-4183-8A3E-0031B62789C8}.Debug|Any CPU.ActiveCfg = Debug|Any CPU
		{5B606E93-4FB2-4183-8A3E-0031B62789C8}.Debug|Any CPU.Build.0 = Debug|Any CPU
		{5B606E93-4FB2-4183-8A3E-0031B62789C8}.Release|Any CPU.ActiveCfg = Release|Any CPU
		{5B606E93-4FB2-4183-8A3E-0031B62789C8}.Release|Any CPU.Build.0 = Release|Any CPU
	EndGlobalSection
	GlobalSection(SolutionProperties) = preSolution
		HideSolutionNode = FALSE
	EndGlobalSection
	GlobalSection(ExtensibilityGlobals) = postSolution
		SolutionGuid = {C1D435BA-DDDE-4CA9-B32F-219065EC4656}
	EndGlobalSection
EndGlobal
